
Microsoft Visual Studio Solution File, Format Version 12.00
# Visual Studio Version 17
VisualStudioVersion = 17.0.31903.59
MinimumVisualStudioVersion = 10.0.40219.1
Project("{9A19103F-16F7-4668-BE54-9A1E7A4F7556}") = "projet_csharp_2", "projet_csharp_2\projet_csharp_2.csproj", "{558F84BD-370B-4053-8F3E-4D8A0C484824}"
EndProject
Project("{FAE04EC0-301F-11D3-BF4B-00C04F79EFBC}") = "partage_test", "partage_test\partage_test.csproj", "{C50F8FE6-659A-4C69-B75C-65FCD3C6D8D2}"
EndProject
Global
	GlobalSection(SolutionConfigurationPlatforms) = preSolution
		Debug|Any CPU = Debug|Any CPU
		Release|Any CPU = Release|Any CPU
	EndGlobalSection
	GlobalSection(ProjectConfigurationPlatforms) = postSolution
		{558F84BD-370B-4053-8F3E-4D8A0C484824}.Debug|Any CPU.ActiveCfg = Debug|Any CPU
		{558F84BD-370B-4053-8F3E-4D8A0C484824}.Debug|Any CPU.Build.0 = Debug|Any CPU
		{558F84BD-370B-4053-8F3E-4D8A0C484824}.Release|Any CPU.ActiveCfg = Release|Any CPU
		{558F84BD-370B-4053-8F3E-4D8A0C484824}.Release|Any CPU.Build.0 = Release|Any CPU
		{C50F8FE6-659A-4C69-B75C-65FCD3C6D8D2}.Debug|Any CPU.ActiveCfg = Debug|Any CPU
		{C50F8FE6-659A-4C69-B75C-65FCD3C6D8D2}.Debug|Any CPU.Build.0 = Debug|Any CPU
		{C50F8FE6-659A-4C69-B75C-65FCD3C6D8D2}.Release|Any CPU.ActiveCfg = Release|Any CPU
		{C50F8FE6-659A-4C69-B75C-65FCD3C6D8D2}.Release|Any CPU.Build.0 = Release|Any CPU
	EndGlobalSection
	GlobalSection(SolutionProperties) = preSolution
		HideSolutionNode = FALSE
	EndGlobalSection
	GlobalSection(ExtensibilityGlobals) = postSolution
		SolutionGuid = {CC40CD47-2D23-4232-BA1C-F646CA0AFEA4}
	EndGlobalSection
EndGlobal
